
Microsoft Visual Studio Solution File, Format Version 12.00
# Visual Studio 15
VisualStudioVersion = 15.0.26730.3
MinimumVisualStudioVersion = 10.0.40219.1
Project("{FAE04EC0-301F-11D3-BF4B-00C04F79EFBC}") = "UtilitiesConsoleApp", "UtilitiesConsoleApp\UtilitiesConsoleApp.csproj", "{55AA2F11-AE22-4280-BCCB-E7FA08162ED3}"
EndProject
Global
	GlobalSection(SolutionConfigurationPlatforms) = preSolution
		Debug|Any CPU = Debug|Any CPU
		Release|Any CPU = Release|Any CPU
	EndGlobalSection
	GlobalSection(ProjectConfigurationPlatforms) = postSolution
		{55AA2F11-AE22-4280-BCCB-E7FA08162ED3}.Debug|Any CPU.ActiveCfg = Debug|Any CPU
		{55AA2F11-AE22-4280-BCCB-E7FA08162ED3}.Debug|Any CPU.Build.0 = Debug|Any CPU
		{55AA2F11-AE22-4280-BCCB-E7FA08162ED3}.Release|Any CPU.ActiveCfg = Release|Any CPU
		{55AA2F11-AE22-4280-BCCB-E7FA08162ED3}.Release|Any CPU.Build.0 = Release|Any CPU
	EndGlobalSection
	GlobalSection(SolutionProperties) = preSolution
		HideSolutionNode = FALSE
	EndGlobalSection
	GlobalSection(ExtensibilityGlobals) = postSolution
		SolutionGuid = {C500F2BE-0C2E-486B-91AC-D6A07E1298CD}
	EndGlobalSection
EndGlobal
